
Microsoft Visual Studio Solution File, Format Version 12.00
# Visual Studio Version 16
VisualStudioVersion = 16.0.32126.315
MinimumVisualStudioVersion = 10.0.40219.1
Project("{FAE04EC0-301F-11D3-BF4B-00C04F79EFBC}") = "EntityFramework", "EntityFramework\EntityFramework.csproj", "{0A252DBA-9445-4DC1-976A-6DCCA5F88344}"
EndProject
Global
	GlobalSection(SolutionConfigurationPlatforms) = preSolution
		Debug|Any CPU = Debug|Any CPU
		Release|Any CPU = Release|Any CPU
	EndGlobalSection
	GlobalSection(ProjectConfigurationPlatforms) = postSolution
		{0A252DBA-9445-4DC1-976A-6DCCA5F88344}.Debug|Any CPU.ActiveCfg = Debug|Any CPU
		{0A252DBA-9445-4DC1-976A-6DCCA5F88344}.Debug|Any CPU.Build.0 = Debug|Any CPU
		{0A252DBA-9445-4DC1-976A-6DCCA5F88344}.Release|Any CPU.ActiveCfg = Release|Any CPU
		{0A252DBA-9445-4DC1-976A-6DCCA5F88344}.Release|Any CPU.Build.0 = Release|Any CPU
	EndGlobalSection
	GlobalSection(SolutionProperties) = preSolution
		HideSolutionNode = FALSE
	EndGlobalSection
	GlobalSection(ExtensibilityGlobals) = postSolution
		SolutionGuid = {87CD1E88-2F21-4BC6-81E5-F690E2CAB75F}
	EndGlobalSection
EndGlobal
